
Microsoft Visual Studio Solution File, Format Version 12.00
# Visual Studio 15
VisualStudioVersion = 15.0.27428.2037
MinimumVisualStudioVersion = 10.0.40219.1
Project("{FAE04EC0-301F-11D3-BF4B-00C04F79EFBC}") = "OtoTakip.WebFormsUI", "OtoTakip.WebFormsUI.csproj", "{A227F5A3-7C5B-46A0-9622-10B3E55DFDED}"
EndProject
Project("{FAE04EC0-301F-11D3-BF4B-00C04F79EFBC}") = "OtoTakip.Entities", "..\OtoTakip.Entities\OtoTakip.Entities.csproj", "{61178E0C-B383-4688-BE1D-8234B566D1E0}"
EndProject
Project("{FAE04EC0-301F-11D3-BF4B-00C04F79EFBC}") = "OtoTakip.Business", "OtoTakip.Business\OtoTakip.Business.csproj", "{42836245-CC59-431E-AAD1-2E434D7B8A49}"
EndProject
Project("{FAE04EC0-301F-11D3-BF4B-00C04F79EFBC}") = "OtoTakip.DataAccess", "OtoTakip.DataAccess\OtoTakip.DataAccess.csproj", "{8BF4A094-E45B-4840-8DA6-102E6757EAFA}"
EndProject
Global
	GlobalSection(SolutionConfigurationPlatforms) = preSolution
		Debug|Any CPU = Debug|Any CPU
		Release|Any CPU = Release|Any CPU
	EndGlobalSection
	GlobalSection(ProjectConfigurationPlatforms) = postSolution
		{A227F5A3-7C5B-46A0-9622-10B3E55DFDED}.Debug|Any CPU.ActiveCfg = Debug|Any CPU
		{A227F5A3-7C5B-46A0-9622-10B3E55DFDED}.Debug|Any CPU.Build.0 = Debug|Any CPU
		{A227F5A3-7C5B-46A0-9622-10B3E55DFDED}.Release|Any CPU.ActiveCfg = Release|Any CPU
		{A227F5A3-7C5B-46A0-9622-10B3E55DFDED}.Release|Any CPU.Build.0 = Release|Any CPU
		{61178E0C-B383-4688-BE1D-8234B566D1E0}.Debug|Any CPU.ActiveCfg = Debug|Any CPU
		{61178E0C-B383-4688-BE1D-8234B566D1E0}.Debug|Any CPU.Build.0 = Debug|Any CPU
		{61178E0C-B383-4688-BE1D-8234B566D1E0}.Release|Any CPU.ActiveCfg = Release|Any CPU
		{61178E0C-B383-4688-BE1D-8234B566D1E0}.Release|Any CPU.Build.0 = Release|Any CPU
		{42836245-CC59-431E-AAD1-2E434D7B8A49}.Debug|Any CPU.ActiveCfg = Debug|Any CPU
		{42836245-CC59-431E-AAD1-2E434D7B8A49}.Debug|Any CPU.Build.0 = Debug|Any CPU
		{42836245-CC59-431E-AAD1-2E434D7B8A49}.Release|Any CPU.ActiveCfg = Release|Any CPU
		{42836245-CC59-431E-AAD1-2E434D7B8A49}.Release|Any CPU.Build.0 = Release|Any CPU
		{8BF4A094-E45B-4840-8DA6-102E6757EAFA}.Debug|Any CPU.ActiveCfg = Debug|Any CPU
		{8BF4A094-E45B-4840-8DA6-102E6757EAFA}.Debug|Any CPU.Build.0 = Debug|Any CPU
		{8BF4A094-E45B-4840-8DA6-102E6757EAFA}.Release|Any CPU.ActiveCfg = Release|Any CPU
		{8BF4A094-E45B-4840-8DA6-102E6757EAFA}.Release|Any CPU.Build.0 = Release|Any CPU
	EndGlobalSection
	GlobalSection(SolutionProperties) = preSolution
		HideSolutionNode = FALSE
	EndGlobalSection
	GlobalSection(ExtensibilityGlobals) = postSolution
		SolutionGuid = {9233F5B0-EB4A-4D38-A7E5-480EA518C4C7}
	EndGlobalSection
EndGlobal
